// !$*UTF8*$!
{
	archiveVersion = 1;
	classes = {
	};
	objectVersion = 46;
	objects = {

/* Begin PBXBuildFile section */
		E0CD5BCA13A9B1D1009FFF41 /* UIKit.framework in Frameworks */ = {isa = PBXBuildFile; fileRef = E0CD5BC913A9B1D1009FFF41 /* UIKit.framework */; };
		E0CD5BCC13A9B1D1009FFF41 /* Foundation.framework in Frameworks */ = {isa = PBXBuildFile; fileRef = E0CD5BCB13A9B1D1009FFF41 /* Foundation.framework */; };
		E0CD5BCE13A9B1D1009FFF41 /* CoreGraphics.framework in Frameworks */ = {isa = PBXBuildFile; fileRef = E0CD5BCD13A9B1D1009FFF41 /* CoreGraphics.framework */; };
		E0CD5BD413A9B1D5009FFF41 /* InfoPlist.strings in Resources */ = {isa = PBXBuildFile; fileRef = E0CD5BD213A9B1D5009FFF41 /* InfoPlist.strings */; };
		E0CD5BD713A9B1D6009FFF41 /* main.m in Sources */ = {isa = PBXBuildFile; fileRef = E0CD5BD613A9B1D6009FFF41 /* main.m */; };
		E0CD5BDA13A9B1D7009FFF41 /* KeypadHandlerAppDelegate.m in Sources */ = {isa = PBXBuildFile; fileRef = E0CD5BD913A9B1D7009FFF41 /* KeypadHandlerAppDelegate.m */; };
		E0CD5BDD13A9B1D8009FFF41 /* MainWindow.xib in Resources */ = {isa = PBXBuildFile; fileRef = E0CD5BDB13A9B1D8009FFF41 /* MainWindow.xib */; };
		E0CD5BE013A9B1D8009FFF41 /* KeypadHandlerViewController.m in Sources */ = {isa = PBXBuildFile; fileRef = E0CD5BDF13A9B1D8009FFF41 /* KeypadHandlerViewController.m */; };
		E0CD5BE313A9B1D9009FFF41 /* KeypadHandlerViewController.xib in Resources */ = {isa = PBXBuildFile; fileRef = E0CD5BE113A9B1D9009FFF41 /* KeypadHandlerViewController.xib */; };
		E0CD5BEC13A9B470009FFF41 /* KeypadHandler.m in Sources */ = {isa = PBXBuildFile; fileRef = E0CD5BEB13A9B470009FFF41 /* KeypadHandler.m */; };
/* End PBXBuildFile section */

/* Begin PBXFileReference section */
		E0CD5BC513A9B1D1009FFF41 /* KeypadHandler.app */ = {isa = PBXFileReference; explicitFileType = wrapper.application; includeInIndex = 0; path = KeypadHandler.app; sourceTree = BUILT_PRODUCTS_DIR; };
		E0CD5BC913A9B1D1009FFF41 /* UIKit.framework */ = {isa = PBXFileReference; lastKnownFileType = wrapper.framework; name = UIKit.framework; path = System/Library/Frameworks/UIKit.framework; sourceTree = SDKROOT; };
		E0CD5BCB13A9B1D1009FFF41 /* Foundation.framework */ = {isa = PBXFileReference; lastKnownFileType = wrapper.framework; name = Foundation.framework; path = System/Library/Frameworks/Foundation.framework; sourceTree = SDKROOT; };
		E0CD5BCD13A9B1D1009FFF41 /* CoreGraphics.framework */ = {isa = PBXFileReference; lastKnownFileType = wrapper.framework; name = CoreGraphics.framework; path = System/Library/Frameworks/CoreGraphics.framework; sourceTree = SDKROOT; };
		E0CD5BD113A9B1D4009FFF41 /* KeypadHandler-Info.plist */ = {isa = PBXFileReference; lastKnownFileType = text.plist.xml; path = "KeypadHandler-Info.plist"; sourceTree = "<group>"; };
		E0CD5BD313A9B1D5009FFF41 /* en */ = {isa = PBXFileReference; lastKnownFileType = text.plist.strings; name = en; path = en.lproj/InfoPlist.strings; sourceTree = "<group>"; };
		E0CD5BD513A9B1D5009FFF41 /* KeypadHandler-Prefix.pch */ = {isa = PBXFileReference; lastKnownFileType = sourcecode.c.h; path = "KeypadHandler-Prefix.pch"; sourceTree = "<group>"; };
		E0CD5BD613A9B1D6009FFF41 /* main.m */ = {isa = PBXFileReference; lastKnownFileType = sourcecode.c.objc; path = main.m; sourceTree = "<group>"; };
		E0CD5BD813A9B1D7009FFF41 /* KeypadHandlerAppDelegate.h */ = {isa = PBXFileReference; lastKnownFileType = sourcecode.c.h; path = KeypadHandlerAppDelegate.h; sourceTree = "<group>"; };
		E0CD5BD913A9B1D7009FFF41 /* KeypadHandlerAppDelegate.m */ = {isa = PBXFileReference; lastKnownFileType = sourcecode.c.objc; path = KeypadHandlerAppDelegate.m; sourceTree = "<group>"; };
		E0CD5BDC13A9B1D8009FFF41 /* en */ = {isa = PBXFileReference; lastKnownFileType = file.xib; name = en; path = en.lproj/MainWindow.xib; sourceTree = "<group>"; };
		E0CD5BDE13A9B1D8009FFF41 /* KeypadHandlerViewController.h */ = {isa = PBXFileReference; lastKnownFileType = sourcecode.c.h; path = KeypadHandlerViewController.h; sourceTree = "<group>"; };
		E0CD5BDF13A9B1D8009FFF41 /* KeypadHandlerViewController.m */ = {isa = PBXFileReference; lastKnownFileType = sourcecode.c.objc; path = KeypadHandlerViewController.m; sourceTree = "<group>"; };
		E0CD5BE213A9B1D9009FFF41 /* en */ = {isa = PBXFileReference; lastKnownFileType = file.xib; name = en; path = en.lproj/KeypadHandlerViewController.xib; sourceTree = "<group>"; };
		E0CD5BEA13A9B470009FFF41 /* KeypadHandler.h */ = {isa = PBXFileReference; fileEncoding = 4; lastKnownFileType = sourcecode.c.h; path = KeypadHandler.h; sourceTree = "<group>"; };
		E0CD5BEB13A9B470009FFF41 /* KeypadHandler.m */ = {isa = PBXFileReference; fileEncoding = 4; lastKnownFileType = sourcecode.c.objc; path = KeypadHandler.m; sourceTree = "<group>"; };
/* End PBXFileReference section */

/* Begin PBXFrameworksBuildPhase section */
		E0CD5BC213A9B1D1009FFF41 /* Frameworks */ = {
			isa = PBXFrameworksBuildPhase;
			buildActionMask = 2147483647;
			files = (
				E0CD5BCA13A9B1D1009FFF41 /* UIKit.framework in Frameworks */,
				E0CD5BCC13A9B1D1009FFF41 /* Foundation.framework in Frameworks */,
				E0CD5BCE13A9B1D1009FFF41 /* CoreGraphics.framework in Frameworks */,
			);
			runOnlyForDeploymentPostprocessing = 0;
		};
/* End PBXFrameworksBuildPhase section */

/* Begin PBXGroup section */
		E0CD5BBA13A9B1D0009FFF41 = {
			isa = PBXGroup;
			children = (
				E0CD5BCF13A9B1D1009FFF41 /* KeypadHandler */,
				E0CD5BC813A9B1D1009FFF41 /* Frameworks */,
				E0CD5BC613A9B1D1009FFF41 /* Products */,
			);
			sourceTree = "<group>";
		};
		E0CD5BC613A9B1D1009FFF41 /* Products */ = {
			isa = PBXGroup;
			children = (
				E0CD5BC513A9B1D1009FFF41 /* KeypadHandler.app */,
			);
			name = Products;
			sourceTree = "<group>";
		};
		E0CD5BC813A9B1D1009FFF41 /* Frameworks */ = {
			isa = PBXGroup;
			children = (
				E0CD5BC913A9B1D1009FFF41 /* UIKit.framework */,
				E0CD5BCB13A9B1D1009FFF41 /* Foundation.framework */,
				E0CD5BCD13A9B1D1009FFF41 /* CoreGraphics.framework */,
			);
			name = Frameworks;
			sourceTree = "<group>";
		};
		E0CD5BCF13A9B1D1009FFF41 /* KeypadHandler */ = {
			isa = PBXGroup;
			children = (
				E0CD5BE913A9B1F8009FFF41 /* KeypadHandler */,
				E0CD5BD813A9B1D7009FFF41 /* KeypadHandlerAppDelegate.h */,
				E0CD5BD913A9B1D7009FFF41 /* KeypadHandlerAppDelegate.m */,
				E0CD5BDB13A9B1D8009FFF41 /* MainWindow.xib */,
				E0CD5BDE13A9B1D8009FFF41 /* KeypadHandlerViewController.h */,
				E0CD5BDF13A9B1D8009FFF41 /* KeypadHandlerViewController.m */,
				E0CD5BE113A9B1D9009FFF41 /* KeypadHandlerViewController.xib */,
				E0CD5BD013A9B1D4009FFF41 /* Supporting Files */,
			);
			path = KeypadHandler;
			sourceTree = "<group>";
		};
		E0CD5BD013A9B1D4009FFF41 /* Supporting Files */ = {
			isa = PBXGroup;
			children = (
				E0CD5BD113A9B1D4009FFF41 /* KeypadHandler-Info.plist */,
				E0CD5BD213A9B1D5009FFF41 /* InfoPlist.strings */,
				E0CD5BD513A9B1D5009FFF41 /* KeypadHandler-Prefix.pch */,
				E0CD5BD613A9B1D6009FFF41 /* main.m */,
			);
			name = "Supporting Files";
			sourceTree = "<group>";
		};
		E0CD5BE913A9B1F8009FFF41 /* KeypadHandler */ = {
			isa = PBXGroup;
			children = (
				E0CD5BEA13A9B470009FFF41 /* KeypadHandler.h */,
				E0CD5BEB13A9B470009FFF41 /* KeypadHandler.m */,
			);
			name = KeypadHandler;
			sourceTree = "<group>";
		};
/* End PBXGroup section */

/* Begin PBXNativeTarget section */
		E0CD5BC413A9B1D1009FFF41 /* KeypadHandler */ = {
			isa = PBXNativeTarget;
			buildConfigurationList = E0CD5BE613A9B1D9009FFF41 /* Build configuration list for PBXNativeTarget "KeypadHandler" */;
			buildPhases = (
				E0CD5BC113A9B1D1009FFF41 /* Sources */,
				E0CD5BC213A9B1D1009FFF41 /* Frameworks */,
				E0CD5BC313A9B1D1009FFF41 /* Resources */,
			);
			buildRules = (
			);
			dependencies = (
			);
			name = KeypadHandler;
			productName = KeypadHandler;
			productReference = E0CD5BC513A9B1D1009FFF41 /* KeypadHandler.app */;
			productType = "com.apple.product-type.application";
		};
/* End PBXNativeTarget section */

/* Begin PBXProject section */
		E0CD5BBC13A9B1D0009FFF41 /* Project object */ = {
			isa = PBXProject;
			buildConfigurationList = E0CD5BBF13A9B1D0009FFF41 /* Build configuration list for PBXProject "KeypadHandler" */;
			compatibilityVersion = "Xcode 3.2";
			developmentRegion = English;
			hasScannedForEncodings = 0;
			knownRegions = (
				en,
			);
			mainGroup = E0CD5BBA13A9B1D0009FFF41;
			productRefGroup = E0CD5BC613A9B1D1009FFF41 /* Products */;
			projectDirPath = "";
			projectRoot = "";
			targets = (
				E0CD5BC413A9B1D1009FFF41 /* KeypadHandler */,
			);
		};
/* End PBXProject section */

/* Begin PBXResourcesBuildPhase section */
		E0CD5BC313A9B1D1009FFF41 /* Resources */ = {
			isa = PBXResourcesBuildPhase;
			buildActionMask = 2147483647;
			files = (
				E0CD5BD413A9B1D5009FFF41 /* InfoPlist.strings in Resources */,
				E0CD5BDD13A9B1D8009FFF41 /* MainWindow.xib in Resources */,
				E0CD5BE313A9B1D9009FFF41 /* KeypadHandlerViewController.xib in Resources */,
			);
			runOnlyForDeploymentPostprocessing = 0;
		};
/* End PBXResourcesBuildPhase section */

/* Begin PBXSourcesBuildPhase section */
		E0CD5BC113A9B1D1009FFF41 /* Sources */ = {
			isa = PBXSourcesBuildPhase;
			buildActionMask = 2147483647;
			files = (
				E0CD5BD713A9B1D6009FFF41 /* main.m in Sources */,
				E0CD5BDA13A9B1D7009FFF41 /* KeypadHandlerAppDelegate.m in Sources */,
				E0CD5BE013A9B1D8009FFF41 /* KeypadHandlerViewController.m in Sources */,
				E0CD5BEC13A9B470009FFF41 /* KeypadHandler.m in Sources */,
			);
			runOnlyForDeploymentPostprocessing = 0;
		};
/* End PBXSourcesBuildPhase section */

/* Begin PBXVariantGroup section */
		E0CD5BD213A9B1D5009FFF41 /* InfoPlist.strings */ = {
			isa = PBXVariantGroup;
			children = (
				E0CD5BD313A9B1D5009FFF41 /* en */,
			);
			name = InfoPlist.strings;
			sourceTree = "<group>";
		};
		E0CD5BDB13A9B1D8009FFF41 /* MainWindow.xib */ = {
			isa = PBXVariantGroup;
			children = (
				E0CD5BDC13A9B1D8009FFF41 /* en */,
			);
			name = MainWindow.xib;
			sourceTree = "<group>";
		};
		E0CD5BE113A9B1D9009FFF41 /* KeypadHandlerViewController.xib */ = {
			isa = PBXVariantGroup;
			children = (
				E0CD5BE213A9B1D9009FFF41 /* en */,
			);
			name = KeypadHandlerViewController.xib;
			sourceTree = "<group>";
		};
/* End PBXVariantGroup section */

/* Begin XCBuildConfiguration section */
		E0CD5BE413A9B1D9009FFF41 /* Debug */ = {
			isa = XCBuildConfiguration;
			buildSettings = {
				ARCHS = "$(ARCHS_STANDARD_32_BIT)";
				"CODE_SIGN_IDENTITY[sdk=iphoneos*]" = "iPhone Developer";
				GCC_C_LANGUAGE_STANDARD = gnu99;
				GCC_OPTIMIZATION_LEVEL = 0;
				GCC_PREPROCESSOR_DEFINITIONS = DEBUG;
				GCC_SYMBOLS_PRIVATE_EXTERN = NO;
				GCC_VERSION = com.apple.compilers.llvmgcc42;
				GCC_WARN_ABOUT_RETURN_TYPE = YES;
				GCC_WARN_UNUSED_VARIABLE = YES;
				IPHONEOS_DEPLOYMENT_TARGET = 4.3;
				SDKROOT = iphoneos;
			};
			name = Debug;
		};
		E0CD5BE513A9B1D9009FFF41 /* Release */ = {
			isa = XCBuildConfiguration;
			buildSettings = {
				ARCHS = "$(ARCHS_STANDARD_32_BIT)";
				"CODE_SIGN_IDENTITY[sdk=iphoneos*]" = "iPhone Developer";
				GCC_C_LANGUAGE_STANDARD = gnu99;
				GCC_VERSION = com.apple.compilers.llvmgcc42;
				GCC_WARN_ABOUT_RETURN_TYPE = YES;
				GCC_WARN_UNUSED_VARIABLE = YES;
				IPHONEOS_DEPLOYMENT_TARGET = 4.3;
				OTHER_CFLAGS = "-DNS_BLOCK_ASSERTIONS=1";
				SDKROOT = iphoneos;
			};
			name = Release;
		};
		E0CD5BE713A9B1D9009FFF41 /* Debug */ = {
			isa = XCBuildConfiguration;
			buildSettings = {
				ALWAYS_SEARCH_USER_PATHS = NO;
				COPY_PHASE_STRIP = NO;
				GCC_DYNAMIC_NO_PIC = NO;
				GCC_PRECOMPILE_PREFIX_HEADER = YES;
				GCC_PREFIX_HEADER = "KeypadHandler/KeypadHandler-Prefix.pch";
				INFOPLIST_FILE = "KeypadHandler/KeypadHandler-Info.plist";
				PRODUCT_NAME = "$(TARGET_NAME)";
				WRAPPER_EXTENSION = app;
			};
			name = Debug;
		};
		E0CD5BE813A9B1D9009FFF41 /* Release */ = {
			isa = XCBuildConfiguration;
			buildSettings = {
				ALWAYS_SEARCH_USER_PATHS = NO;
				COPY_PHASE_STRIP = YES;
				GCC_PRECOMPILE_PREFIX_HEADER = YES;
				GCC_PREFIX_HEADER = "KeypadHandler/KeypadHandler-Prefix.pch";
				INFOPLIST_FILE = "KeypadHandler/KeypadHandler-Info.plist";
				PRODUCT_NAME = "$(TARGET_NAME)";
				VALIDATE_PRODUCT = YES;
				WRAPPER_EXTENSION = app;
			};
			name = Release;
		};
/* End XCBuildConfiguration section */

/* Begin XCConfigurationList section */
		E0CD5BBF13A9B1D0009FFF41 /* Build configuration list for PBXProject "KeypadHandler" */ = {
			isa = XCConfigurationList;
			buildConfigurations = (
				E0CD5BE413A9B1D9009FFF41 /* Debug */,
				E0CD5BE513A9B1D9009FFF41 /* Release */,
			);
			defaultConfigurationIsVisible = 0;
			defaultConfigurationName = Release;
		};
		E0CD5BE613A9B1D9009FFF41 /* Build configuration list for PBXNativeTarget "KeypadHandler" */ = {
			isa = XCConfigurationList;
			buildConfigurations = (
				E0CD5BE713A9B1D9009FFF41 /* Debug */,
				E0CD5BE813A9B1D9009FFF41 /* Release */,
			);
			defaultConfigurationIsVisible = 0;
		};
/* End XCConfigurationList section */
	};
	rootObject = E0CD5BBC13A9B1D0009FFF41 /* Project object */;
}
